{
  "nodes": {
    "nixpkgs": {
      "locked": {
        "lastModified": 1712310679,
        "narHash": "sha256-XgC/a/giEeNkhme/AV1ToipoZ/IVm1MV2ntiK4Tm+pw=",
        "owner": "NixOS",
        "repo": "nixpkgs",
        "rev": "72da83d9515b43550436891f538ff41d68eecc7f",
        "type": "github"
      },
      "original": {
        "owner": "NixOS",
        "ref": "nixos-23.11",
        "repo": "nixpkgs",
        "type": "github"
      }
    },
    "nixpkgs_darwin": {
      "locked": {
        "lastModified": 1712386448,
        "narHash": "sha256-kacQwZ5WnJv4HH5s8tlZTClyiwVP8XAaywI5I7QqLIY=",
        "owner": "NixOS",
        "repo": "nixpkgs",
        "rev": "7644b4bc09c6329bcd82561a076fd7add697d092",
        "type": "github"
      },
      "original": {
        "owner": "NixOS",
        "ref": "nixpkgs-23.11-darwin",
        "repo": "nixpkgs",
        "type": "github"
      }
    },
    "root": {
      "inputs": {
        "nixpkgs": "nixpkgs",
        "nixpkgs_darwin": "nixpkgs_darwin"
      }
    }
  },
  "root": "root",
  "version": 7
}
